
Microsoft Visual Studio Solution File, Format Version 12.00
# Visual Studio Version 17
VisualStudioVersion = 17.6.33801.468
MinimumVisualStudioVersion = 10.0.40219.1
Project("{FAE04EC0-301F-11D3-BF4B-00C04F79EFBC}") = "GetIdealQueries", "GetIdealQueries.csproj", "{72548C1B-A709-420E-8018-4401F714053B}"
EndProject
Global
	GlobalSection(SolutionConfigurationPlatforms) = preSolution
		Debug|Any CPU = Debug|Any CPU
		Release|Any CPU = Release|Any CPU
	EndGlobalSection
	GlobalSection(ProjectConfigurationPlatforms) = postSolution
		{72548C1B-A709-420E-8018-4401F714053B}.Debug|Any CPU.ActiveCfg = Debug|Any CPU
		{72548C1B-A709-420E-8018-4401F714053B}.Debug|Any CPU.Build.0 = Debug|Any CPU
		{72548C1B-A709-420E-8018-4401F714053B}.Release|Any CPU.ActiveCfg = Release|Any CPU
		{72548C1B-A709-420E-8018-4401F714053B}.Release|Any CPU.Build.0 = Release|Any CPU
	EndGlobalSection
	GlobalSection(SolutionProperties) = preSolution
		HideSolutionNode = FALSE
	EndGlobalSection
	GlobalSection(ExtensibilityGlobals) = postSolution
		SolutionGuid = {171F914B-C43D-4882-93F9-5DAC06BEE5AF}
	EndGlobalSection
EndGlobal
